
Microsoft Visual Studio Solution File, Format Version 12.00
# Visual Studio Version 16
VisualStudioVersion = 16.0.29326.143
MinimumVisualStudioVersion = 10.0.40219.1
Project("{9A19103F-16F7-4668-BE54-9A1E7A4F7556}") = "AuditWebHook", "AuditWebHook.csproj", "{935C395C-B5D1-4738-8C70-7BA1A3EBEE15}"
EndProject
Global
	GlobalSection(SolutionConfigurationPlatforms) = preSolution
		Debug|Any CPU = Debug|Any CPU
		Release|Any CPU = Release|Any CPU
	EndGlobalSection
	GlobalSection(ProjectConfigurationPlatforms) = postSolution
		{935C395C-B5D1-4738-8C70-7BA1A3EBEE15}.Debug|Any CPU.ActiveCfg = Debug|Any CPU
		{935C395C-B5D1-4738-8C70-7BA1A3EBEE15}.Debug|Any CPU.Build.0 = Debug|Any CPU
		{935C395C-B5D1-4738-8C70-7BA1A3EBEE15}.Release|Any CPU.ActiveCfg = Release|Any CPU
		{935C395C-B5D1-4738-8C70-7BA1A3EBEE15}.Release|Any CPU.Build.0 = Release|Any CPU
	EndGlobalSection
	GlobalSection(SolutionProperties) = preSolution
		HideSolutionNode = FALSE
	EndGlobalSection
	GlobalSection(ExtensibilityGlobals) = postSolution
		SolutionGuid = {88A3E89E-44C4-4783-8957-9CE7627CFD0C}
	EndGlobalSection
EndGlobal
